
Microsoft Visual Studio Solution File, Format Version 12.00
Project("{FAE04EC0-301F-11D3-BF4B-00C04F79EFBC}") = "DijkstraAndFloyd", "DijkstraAndFloyd\DijkstraAndFloyd.csproj", "{26856B52-7341-4653-81EB-B1FB97DAA73F}"
EndProject
Project("{FAE04EC0-301F-11D3-BF4B-00C04F79EFBC}") = "Dijkstra", "Dijkstra\Dijkstra.csproj", "{35BC7822-B0EB-431C-8592-F9FC018E2DE2}"
EndProject
Project("{FAE04EC0-301F-11D3-BF4B-00C04F79EFBC}") = "Floyd", "Floyd\Floyd.csproj", "{2D9966C0-B0D6-4467-909C-5A2BAF62309C}"
EndProject
Global
	GlobalSection(SolutionConfigurationPlatforms) = preSolution
		Debug|Any CPU = Debug|Any CPU
		Release|Any CPU = Release|Any CPU
	EndGlobalSection
	GlobalSection(ProjectConfigurationPlatforms) = postSolution
		{26856B52-7341-4653-81EB-B1FB97DAA73F}.Debug|Any CPU.ActiveCfg = Debug|Any CPU
		{26856B52-7341-4653-81EB-B1FB97DAA73F}.Debug|Any CPU.Build.0 = Debug|Any CPU
		{26856B52-7341-4653-81EB-B1FB97DAA73F}.Release|Any CPU.ActiveCfg = Release|Any CPU
		{26856B52-7341-4653-81EB-B1FB97DAA73F}.Release|Any CPU.Build.0 = Release|Any CPU
		{35BC7822-B0EB-431C-8592-F9FC018E2DE2}.Debug|Any CPU.ActiveCfg = Debug|Any CPU
		{35BC7822-B0EB-431C-8592-F9FC018E2DE2}.Debug|Any CPU.Build.0 = Debug|Any CPU
		{35BC7822-B0EB-431C-8592-F9FC018E2DE2}.Release|Any CPU.ActiveCfg = Release|Any CPU
		{35BC7822-B0EB-431C-8592-F9FC018E2DE2}.Release|Any CPU.Build.0 = Release|Any CPU
		{2D9966C0-B0D6-4467-909C-5A2BAF62309C}.Debug|Any CPU.ActiveCfg = Debug|Any CPU
		{2D9966C0-B0D6-4467-909C-5A2BAF62309C}.Debug|Any CPU.Build.0 = Debug|Any CPU
		{2D9966C0-B0D6-4467-909C-5A2BAF62309C}.Release|Any CPU.ActiveCfg = Release|Any CPU
		{2D9966C0-B0D6-4467-909C-5A2BAF62309C}.Release|Any CPU.Build.0 = Release|Any CPU
	EndGlobalSection
EndGlobal
